
Microsoft Visual Studio Solution File, Format Version 12.00
# Visual Studio Version 17
VisualStudioVersion = 17.11.35303.130
MinimumVisualStudioVersion = 10.0.40219.1
Project("{FAE04EC0-301F-11D3-BF4B-00C04F79EFBC}") = "GotExplorer.Server", "GotExplorer.Server\GotExplorer.Server.csproj", "{3F3796EE-86D9-42FA-A7A6-3398AF192154}"
EndProject
Project("{54A90642-561A-4BB1-A94E-469ADEE60C69}") = "gotexplorer.client", "gotexplorer.client\gotexplorer.client.esproj", "{B2B08FAF-31AB-4164-B0E6-7CDF49C4225C}"
EndProject
Global
	GlobalSection(SolutionConfigurationPlatforms) = preSolution
		Debug|Any CPU = Debug|Any CPU
		Release|Any CPU = Release|Any CPU
	EndGlobalSection
	GlobalSection(ProjectConfigurationPlatforms) = postSolution
		{3F3796EE-86D9-42FA-A7A6-3398AF192154}.Debug|Any CPU.ActiveCfg = Debug|Any CPU
		{3F3796EE-86D9-42FA-A7A6-3398AF192154}.Debug|Any CPU.Build.0 = Debug|Any CPU
		{3F3796EE-86D9-42FA-A7A6-3398AF192154}.Release|Any CPU.ActiveCfg = Release|Any CPU
		{3F3796EE-86D9-42FA-A7A6-3398AF192154}.Release|Any CPU.Build.0 = Release|Any CPU
		{B2B08FAF-31AB-4164-B0E6-7CDF49C4225C}.Debug|Any CPU.ActiveCfg = Debug|Any CPU
		{B2B08FAF-31AB-4164-B0E6-7CDF49C4225C}.Debug|Any CPU.Build.0 = Debug|Any CPU
		{B2B08FAF-31AB-4164-B0E6-7CDF49C4225C}.Debug|Any CPU.Deploy.0 = Debug|Any CPU
		{B2B08FAF-31AB-4164-B0E6-7CDF49C4225C}.Release|Any CPU.ActiveCfg = Release|Any CPU
		{B2B08FAF-31AB-4164-B0E6-7CDF49C4225C}.Release|Any CPU.Build.0 = Release|Any CPU
		{B2B08FAF-31AB-4164-B0E6-7CDF49C4225C}.Release|Any CPU.Deploy.0 = Release|Any CPU
	EndGlobalSection
	GlobalSection(SolutionProperties) = preSolution
		HideSolutionNode = FALSE
	EndGlobalSection
	GlobalSection(ExtensibilityGlobals) = postSolution
		SolutionGuid = {7AA2BE9A-D379-4EB9-99DE-A672FC155E3D}
	EndGlobalSection
EndGlobal
